
Microsoft Visual Studio Solution File, Format Version 12.00
# Visual Studio 15
VisualStudioVersion = 15.0.28307.136
MinimumVisualStudioVersion = 10.0.40219.1
Project("{8BC9CEB8-8B4A-11D0-8D11-00A0C91BC942}") = "spectrum_analyzer", "spectrum_analyzer.vcxproj", "{E8425578-0D8F-4294-A04F-3E93AFB0258D}"
EndProject
Project("{8BC9CEB8-8B4A-11D0-8D11-00A0C91BC942}") = "test", "test\test.vcxproj", "{6B007B1C-826A-4F3E-A4E7-4C610EA14E5F}"
EndProject
Global
	GlobalSection(SolutionConfigurationPlatforms) = preSolution
		Debug|x64 = Debug|x64
		Debug|x86 = Debug|x86
		Release|x64 = Release|x64
		Release|x86 = Release|x86
	EndGlobalSection
	GlobalSection(ProjectConfigurationPlatforms) = postSolution
		{E8425578-0D8F-4294-A04F-3E93AFB0258D}.Debug|x64.ActiveCfg = Debug|x64
		{E8425578-0D8F-4294-A04F-3E93AFB0258D}.Debug|x64.Build.0 = Debug|x64
		{E8425578-0D8F-4294-A04F-3E93AFB0258D}.Debug|x86.ActiveCfg = Debug|Win32
		{E8425578-0D8F-4294-A04F-3E93AFB0258D}.Debug|x86.Build.0 = Debug|Win32
		{E8425578-0D8F-4294-A04F-3E93AFB0258D}.Release|x64.ActiveCfg = Release|x64
		{E8425578-0D8F-4294-A04F-3E93AFB0258D}.Release|x64.Build.0 = Release|x64
		{E8425578-0D8F-4294-A04F-3E93AFB0258D}.Release|x86.ActiveCfg = Release|Win32
		{E8425578-0D8F-4294-A04F-3E93AFB0258D}.Release|x86.Build.0 = Release|Win32
		{6B007B1C-826A-4F3E-A4E7-4C610EA14E5F}.Debug|x64.ActiveCfg = Debug|x64
		{6B007B1C-826A-4F3E-A4E7-4C610EA14E5F}.Debug|x64.Build.0 = Debug|x64
		{6B007B1C-826A-4F3E-A4E7-4C610EA14E5F}.Debug|x86.ActiveCfg = Debug|Win32
		{6B007B1C-826A-4F3E-A4E7-4C610EA14E5F}.Debug|x86.Build.0 = Debug|Win32
		{6B007B1C-826A-4F3E-A4E7-4C610EA14E5F}.Release|x64.ActiveCfg = Release|x64
		{6B007B1C-826A-4F3E-A4E7-4C610EA14E5F}.Release|x64.Build.0 = Release|x64
		{6B007B1C-826A-4F3E-A4E7-4C610EA14E5F}.Release|x86.ActiveCfg = Release|Win32
		{6B007B1C-826A-4F3E-A4E7-4C610EA14E5F}.Release|x86.Build.0 = Release|Win32
	EndGlobalSection
	GlobalSection(SolutionProperties) = preSolution
		HideSolutionNode = FALSE
	EndGlobalSection
	GlobalSection(ExtensibilityGlobals) = postSolution
		SolutionGuid = {D4986C4A-C70C-4CD7-8BB6-ACAECDADC216}
	EndGlobalSection
EndGlobal
